{
  "name": "pokemon",
  "version": "2.2.6",
  "lockfileVersion": 1,
  "requires": true,
  "dependencies": {
    "@mehra/ts": {
      "version": "4.3.0",
      "resolved": "https://registry.npmjs.org/@mehra/ts/-/ts-4.3.0.tgz",
      "integrity": "sha512-ZYeCHuivHchpsBrz/nq+NMcbz1Eae6Y2HOp6DBBhCTHnUlhfkB3pOcYxYdHDnMgk3Vx5P+bug26+CLUEaXayzQ=="
    },
    "@types/node": {
      "version": "14.14.27",
      "resolved": "https://registry.npmjs.org/@types/node/-/node-14.14.27.tgz",
      "integrity": "sha512-Ecfmo4YDQPwuqTCl1yBxLV5ihKfRlkBmzUEDcfIRvDxOTGQEeikr317Ln7Gcv0tjA8dVgKI3rniqW2G1OyKDng==",
      "dev": true
    },
    "typescript": {
      "version": "4.1.5",
      "resolved": "https://registry.npmjs.org/typescript/-/typescript-4.1.5.tgz",
      "integrity": "sha512-6OSu9PTIzmn9TCDiovULTnET6BgXtDYL4Gg4szY+cGsc3JP1dQL8qvE8kShTRx1NIw4Q9IBHlwODjkjWEtMUyA==",
      "dev": true
    }
  }
}
