{
  "name": "pokemon",
  "version": "1.0.0",
  "lockfileVersion": 1,
  "requires": true,
  "dependencies": {
    "@mehra/ts": {
      "version": "4.2.3",
      "resolved": "https://registry.npmjs.org/@mehra/ts/-/ts-4.2.3.tgz",
      "integrity": "sha512-JNBXoYQcytThvwvwjHVFyAk5l+mbDiultulx1kaR7pzgl43H06wHPiWpBQ+MmwjHv8SxirXtoAEJasGRDeoF9g=="
    }
  }
}
